// !$*UTF8*$!
{
	archiveVersion = 1;
	classes = {
	};
	objectVersion = 46;
	objects = {

/* Begin PBXBuildFile section */
		539B9DA51E30198500137C71 /* AppDelegate.swift in Sources */ = {isa = PBXBuildFile; fileRef = 539B9DA41E30198500137C71 /* AppDelegate.swift */; };
		539B9DA71E30198500137C71 /* ViewController.swift in Sources */ = {isa = PBXBuildFile; fileRef = 539B9DA61E30198500137C71 /* ViewController.swift */; };
		539B9DAA1E30198500137C71 /* Main.storyboard in Resources */ = {isa = PBXBuildFile; fileRef = 539B9DA81E30198500137C71 /* Main.storyboard */; };
		539B9DAC1E30198500137C71 /* Assets.xcassets in Resources */ = {isa = PBXBuildFile; fileRef = 539B9DAB1E30198500137C71 /* Assets.xcassets */; };
		539B9DAF1E30198500137C71 /* LaunchScreen.storyboard in Resources */ = {isa = PBXBuildFile; fileRef = 539B9DAD1E30198500137C71 /* LaunchScreen.storyboard */; };
		539B9DB71E3029B800137C71 /* ImagesCell.swift in Sources */ = {isa = PBXBuildFile; fileRef = 539B9DB61E3029B800137C71 /* ImagesCell.swift */; };
		539B9DBB1E302B9400137C71 /* sample.jpeg in Resources */ = {isa = PBXBuildFile; fileRef = 539B9DBA1E302B9400137C71 /* sample.jpeg */; };
		539B9DBE1E3035DA00137C71 /* sample2.jpeg in Resources */ = {isa = PBXBuildFile; fileRef = 539B9DBC1E3035DA00137C71 /* sample2.jpeg */; };
		539B9DBF1E3035DA00137C71 /* sample3.jpeg in Resources */ = {isa = PBXBuildFile; fileRef = 539B9DBD1E3035DA00137C71 /* sample3.jpeg */; };
		53EB63C81E380E83000CE4C4 /* FullScreenVC.swift in Sources */ = {isa = PBXBuildFile; fileRef = 53EB63C71E380E83000CE4C4 /* FullScreenVC.swift */; };
		92C0CE155A8F169B86A97EE8 /* Pods_Facebook_Style_Photos.framework in Frameworks */ = {isa = PBXBuildFile; fileRef = F708FF637EDA714392DA3FC3 /* Pods_Facebook_Style_Photos.framework */; };
/* End PBXBuildFile section */

/* Begin PBXFileReference section */
		539B9DA11E30198500137C71 /* Facebook Style Photos.app */ = {isa = PBXFileReference; explicitFileType = wrapper.application; includeInIndex = 0; path = "Facebook Style Photos.app"; sourceTree = BUILT_PRODUCTS_DIR; };
		539B9DA41E30198500137C71 /* AppDelegate.swift */ = {isa = PBXFileReference; lastKnownFileType = sourcecode.swift; path = AppDelegate.swift; sourceTree = "<group>"; };
		539B9DA61E30198500137C71 /* ViewController.swift */ = {isa = PBXFileReference; lastKnownFileType = sourcecode.swift; path = ViewController.swift; sourceTree = "<group>"; };
		539B9DA91E30198500137C71 /* Base */ = {isa = PBXFileReference; lastKnownFileType = file.storyboard; name = Base; path = Base.lproj/Main.storyboard; sourceTree = "<group>"; };
		539B9DAB1E30198500137C71 /* Assets.xcassets */ = {isa = PBXFileReference; lastKnownFileType = folder.assetcatalog; path = Assets.xcassets; sourceTree = "<group>"; };
		539B9DAE1E30198500137C71 /* Base */ = {isa = PBXFileReference; lastKnownFileType = file.storyboard; name = Base; path = Base.lproj/LaunchScreen.storyboard; sourceTree = "<group>"; };
		539B9DB01E30198500137C71 /* Info.plist */ = {isa = PBXFileReference; lastKnownFileType = text.plist.xml; path = Info.plist; sourceTree = "<group>"; };
		539B9DB61E3029B800137C71 /* ImagesCell.swift */ = {isa = PBXFileReference; fileEncoding = 4; lastKnownFileType = sourcecode.swift; path = ImagesCell.swift; sourceTree = "<group>"; };
		539B9DBA1E302B9400137C71 /* sample.jpeg */ = {isa = PBXFileReference; lastKnownFileType = image.jpeg; path = sample.jpeg; sourceTree = "<group>"; };
		539B9DBC1E3035DA00137C71 /* sample2.jpeg */ = {isa = PBXFileReference; lastKnownFileType = image.jpeg; path = sample2.jpeg; sourceTree = "<group>"; };
		539B9DBD1E3035DA00137C71 /* sample3.jpeg */ = {isa = PBXFileReference; lastKnownFileType = image.jpeg; path = sample3.jpeg; sourceTree = "<group>"; };
		53EB63C71E380E83000CE4C4 /* FullScreenVC.swift */ = {isa = PBXFileReference; fileEncoding = 4; lastKnownFileType = sourcecode.swift; name = FullScreenVC.swift; path = ../FullScreenVC.swift; sourceTree = "<group>"; };
		E1374932F5F6FCD72C8B79B4 /* Pods-Facebook Style Photos.debug.xcconfig */ = {isa = PBXFileReference; includeInIndex = 1; lastKnownFileType = text.xcconfig; name = "Pods-Facebook Style Photos.debug.xcconfig"; path = "Pods/Target Support Files/Pods-Facebook Style Photos/Pods-Facebook Style Photos.debug.xcconfig"; sourceTree = "<group>"; };
		EAE14160CEFBD96465C99C99 /* Pods-Facebook Style Photos.release.xcconfig */ = {isa = PBXFileReference; includeInIndex = 1; lastKnownFileType = text.xcconfig; name = "Pods-Facebook Style Photos.release.xcconfig"; path = "Pods/Target Support Files/Pods-Facebook Style Photos/Pods-Facebook Style Photos.release.xcconfig"; sourceTree = "<group>"; };
		F708FF637EDA714392DA3FC3 /* Pods_Facebook_Style_Photos.framework */ = {isa = PBXFileReference; explicitFileType = wrapper.framework; includeInIndex = 0; path = Pods_Facebook_Style_Photos.framework; sourceTree = BUILT_PRODUCTS_DIR; };
/* End PBXFileReference section */

/* Begin PBXFrameworksBuildPhase section */
		539B9D9E1E30198500137C71 /* Frameworks */ = {
			isa = PBXFrameworksBuildPhase;
			buildActionMask = 2147483647;
			files = (
				92C0CE155A8F169B86A97EE8 /* Pods_Facebook_Style_Photos.framework in Frameworks */,
			);
			runOnlyForDeploymentPostprocessing = 0;
		};
/* End PBXFrameworksBuildPhase section */

/* Begin PBXGroup section */
		539B9D981E30198500137C71 = {
			isa = PBXGroup;
			children = (
				539B9DA31E30198500137C71 /* Facebook Style Photos */,
				539B9DA21E30198500137C71 /* Products */,
				5C560DF2CA6F5D30B0800E08 /* Pods */,
				9B2E1752D66A76B2AD6DDF81 /* Frameworks */,
			);
			sourceTree = "<group>";
		};
		539B9DA21E30198500137C71 /* Products */ = {
			isa = PBXGroup;
			children = (
				539B9DA11E30198500137C71 /* Facebook Style Photos.app */,
			);
			name = Products;
			sourceTree = "<group>";
		};
		539B9DA31E30198500137C71 /* Facebook Style Photos */ = {
			isa = PBXGroup;
			children = (
				53EB63C91E380E98000CE4C4 /* controller */,
				539B9DB91E302B7900137C71 /* views */,
				539B9DB81E302B6F00137C71 /* resources */,
				539B9DA41E30198500137C71 /* AppDelegate.swift */,
				539B9DA81E30198500137C71 /* Main.storyboard */,
				539B9DAB1E30198500137C71 /* Assets.xcassets */,
				539B9DAD1E30198500137C71 /* LaunchScreen.storyboard */,
				539B9DB01E30198500137C71 /* Info.plist */,
			);
			path = "Facebook Style Photos";
			sourceTree = "<group>";
		};
		539B9DB81E302B6F00137C71 /* resources */ = {
			isa = PBXGroup;
			children = (
				539B9DBC1E3035DA00137C71 /* sample2.jpeg */,
				539B9DBD1E3035DA00137C71 /* sample3.jpeg */,
				539B9DBA1E302B9400137C71 /* sample.jpeg */,
			);
			name = resources;
			sourceTree = "<group>";
		};
		539B9DB91E302B7900137C71 /* views */ = {
			isa = PBXGroup;
			children = (
				539B9DB61E3029B800137C71 /* ImagesCell.swift */,
			);
			name = views;
			sourceTree = "<group>";
		};
		53EB63C91E380E98000CE4C4 /* controller */ = {
			isa = PBXGroup;
			children = (
				539B9DA61E30198500137C71 /* ViewController.swift */,
				53EB63C71E380E83000CE4C4 /* FullScreenVC.swift */,
			);
			name = controller;
			sourceTree = "<group>";
		};
		5C560DF2CA6F5D30B0800E08 /* Pods */ = {
			isa = PBXGroup;
			children = (
				E1374932F5F6FCD72C8B79B4 /* Pods-Facebook Style Photos.debug.xcconfig */,
				EAE14160CEFBD96465C99C99 /* Pods-Facebook Style Photos.release.xcconfig */,
			);
			name = Pods;
			sourceTree = "<group>";
		};
		9B2E1752D66A76B2AD6DDF81 /* Frameworks */ = {
			isa = PBXGroup;
			children = (
				F708FF637EDA714392DA3FC3 /* Pods_Facebook_Style_Photos.framework */,
			);
			name = Frameworks;
			sourceTree = "<group>";
		};
/* End PBXGroup section */

/* Begin PBXNativeTarget section */
		539B9DA01E30198500137C71 /* Facebook Style Photos */ = {
			isa = PBXNativeTarget;
			buildConfigurationList = 539B9DB31E30198500137C71 /* Build configuration list for PBXNativeTarget "Facebook Style Photos" */;
			buildPhases = (
				6ABFB1796D7C415D97D454EC /* [CP] Check Pods Manifest.lock */,
				539B9D9D1E30198500137C71 /* Sources */,
				539B9D9E1E30198500137C71 /* Frameworks */,
				539B9D9F1E30198500137C71 /* Resources */,
				E1A0EED23DC41FBF87BF700B /* [CP] Embed Pods Frameworks */,
				3839B3028EF841B8730D1835 /* [CP] Copy Pods Resources */,
			);
			buildRules = (
			);
			dependencies = (
			);
			name = "Facebook Style Photos";
			productName = "Facebook Style Photos";
			productReference = 539B9DA11E30198500137C71 /* Facebook Style Photos.app */;
			productType = "com.apple.product-type.application";
		};
/* End PBXNativeTarget section */

/* Begin PBXProject section */
		539B9D991E30198500137C71 /* Project object */ = {
			isa = PBXProject;
			attributes = {
				LastSwiftUpdateCheck = 0820;
				LastUpgradeCheck = 0820;
				ORGANIZATIONNAME = "Navneet Prakash";
				TargetAttributes = {
					539B9DA01E30198500137C71 = {
						CreatedOnToolsVersion = 8.2.1;
						DevelopmentTeam = M3B268HJ8B;
						ProvisioningStyle = Automatic;
					};
				};
			};
			buildConfigurationList = 539B9D9C1E30198500137C71 /* Build configuration list for PBXProject "Facebook Style Photos" */;
			compatibilityVersion = "Xcode 3.2";
			developmentRegion = English;
			hasScannedForEncodings = 0;
			knownRegions = (
				en,
				Base,
			);
			mainGroup = 539B9D981E30198500137C71;
			productRefGroup = 539B9DA21E30198500137C71 /* Products */;
			projectDirPath = "";
			projectRoot = "";
			targets = (
				539B9DA01E30198500137C71 /* Facebook Style Photos */,
			);
		};
/* End PBXProject section */

/* Begin PBXResourcesBuildPhase section */
		539B9D9F1E30198500137C71 /* Resources */ = {
			isa = PBXResourcesBuildPhase;
			buildActionMask = 2147483647;
			files = (
				539B9DAF1E30198500137C71 /* LaunchScreen.storyboard in Resources */,
				539B9DBB1E302B9400137C71 /* sample.jpeg in Resources */,
				539B9DAC1E30198500137C71 /* Assets.xcassets in Resources */,
				539B9DBE1E3035DA00137C71 /* sample2.jpeg in Resources */,
				539B9DAA1E30198500137C71 /* Main.storyboard in Resources */,
				539B9DBF1E3035DA00137C71 /* sample3.jpeg in Resources */,
			);
			runOnlyForDeploymentPostprocessing = 0;
		};
/* End PBXResourcesBuildPhase section */

/* Begin PBXShellScriptBuildPhase section */
		3839B3028EF841B8730D1835 /* [CP] Copy Pods Resources */ = {
			isa = PBXShellScriptBuildPhase;
			buildActionMask = 2147483647;
			files = (
			);
			inputPaths = (
			);
			name = "[CP] Copy Pods Resources";
			outputPaths = (
			);
			runOnlyForDeploymentPostprocessing = 0;
			shellPath = /bin/sh;
			shellScript = "\"${SRCROOT}/Pods/Target Support Files/Pods-Facebook Style Photos/Pods-Facebook Style Photos-resources.sh\"\n";
			showEnvVarsInLog = 0;
		};
		6ABFB1796D7C415D97D454EC /* [CP] Check Pods Manifest.lock */ = {
			isa = PBXShellScriptBuildPhase;
			buildActionMask = 2147483647;
			files = (
			);
			inputPaths = (
			);
			name = "[CP] Check Pods Manifest.lock";
			outputPaths = (
			);
			runOnlyForDeploymentPostprocessing = 0;
			shellPath = /bin/sh;
			shellScript = "diff \"${PODS_ROOT}/../Podfile.lock\" \"${PODS_ROOT}/Manifest.lock\" > /dev/null\nif [ $? != 0 ] ; then\n    # print error to STDERR\n    echo \"error: The sandbox is not in sync with the Podfile.lock. Run 'pod install' or update your CocoaPods installation.\" >&2\n    exit 1\nfi\n";
			showEnvVarsInLog = 0;
		};
		E1A0EED23DC41FBF87BF700B /* [CP] Embed Pods Frameworks */ = {
			isa = PBXShellScriptBuildPhase;
			buildActionMask = 2147483647;
			files = (
			);
			inputPaths = (
			);
			name = "[CP] Embed Pods Frameworks";
			outputPaths = (
			);
			runOnlyForDeploymentPostprocessing = 0;
			shellPath = /bin/sh;
			shellScript = "\"${SRCROOT}/Pods/Target Support Files/Pods-Facebook Style Photos/Pods-Facebook Style Photos-frameworks.sh\"\n";
			showEnvVarsInLog = 0;
		};
/* End PBXShellScriptBuildPhase section */

/* Begin PBXSourcesBuildPhase section */
		539B9D9D1E30198500137C71 /* Sources */ = {
			isa = PBXSourcesBuildPhase;
			buildActionMask = 2147483647;
			files = (
				539B9DB71E3029B800137C71 /* ImagesCell.swift in Sources */,
				53EB63C81E380E83000CE4C4 /* FullScreenVC.swift in Sources */,
				539B9DA71E30198500137C71 /* ViewController.swift in Sources */,
				539B9DA51E30198500137C71 /* AppDelegate.swift in Sources */,
			);
			runOnlyForDeploymentPostprocessing = 0;
		};
/* End PBXSourcesBuildPhase section */

/* Begin PBXVariantGroup section */
		539B9DA81E30198500137C71 /* Main.storyboard */ = {
			isa = PBXVariantGroup;
			children = (
				539B9DA91E30198500137C71 /* Base */,
			);
			name = Main.storyboard;
			sourceTree = "<group>";
		};
		539B9DAD1E30198500137C71 /* LaunchScreen.storyboard */ = {
			isa = PBXVariantGroup;
			children = (
				539B9DAE1E30198500137C71 /* Base */,
			);
			name = LaunchScreen.storyboard;
			sourceTree = "<group>";
		};
/* End PBXVariantGroup section */

/* Begin XCBuildConfiguration section */
		539B9DB11E30198500137C71 /* Debug */ = {
			isa = XCBuildConfiguration;
			buildSettings = {
				ALWAYS_SEARCH_USER_PATHS = NO;
				CLANG_ANALYZER_NONNULL = YES;
				CLANG_CXX_LANGUAGE_STANDARD = "gnu++0x";
				CLANG_CXX_LIBRARY = "libc++";
				CLANG_ENABLE_MODULES = YES;
				CLANG_ENABLE_OBJC_ARC = YES;
				CLANG_WARN_BOOL_CONVERSION = YES;
				CLANG_WARN_CONSTANT_CONVERSION = YES;
				CLANG_WARN_DIRECT_OBJC_ISA_USAGE = YES_ERROR;
				CLANG_WARN_DOCUMENTATION_COMMENTS = YES;
				CLANG_WARN_EMPTY_BODY = YES;
				CLANG_WARN_ENUM_CONVERSION = YES;
				CLANG_WARN_INFINITE_RECURSION = YES;
				CLANG_WARN_INT_CONVERSION = YES;
				CLANG_WARN_OBJC_ROOT_CLASS = YES_ERROR;
				CLANG_WARN_SUSPICIOUS_MOVE = YES;
				CLANG_WARN_UNREACHABLE_CODE = YES;
				CLANG_WARN__DUPLICATE_METHOD_MATCH = YES;
				"CODE_SIGN_IDENTITY[sdk=iphoneos*]" = "iPhone Developer";
				COPY_PHASE_STRIP = NO;
				DEBUG_INFORMATION_FORMAT = dwarf;
				ENABLE_STRICT_OBJC_MSGSEND = YES;
				ENABLE_TESTABILITY = YES;
				GCC_C_LANGUAGE_STANDARD = gnu99;
				GCC_DYNAMIC_NO_PIC = NO;
				GCC_NO_COMMON_BLOCKS = YES;
				GCC_OPTIMIZATION_LEVEL = 0;
				GCC_PREPROCESSOR_DEFINITIONS = (
					"DEBUG=1",
					"$(inherited)",
				);
				GCC_WARN_64_TO_32_BIT_CONVERSION = YES;
				GCC_WARN_ABOUT_RETURN_TYPE = YES_ERROR;
				GCC_WARN_UNDECLARED_SELECTOR = YES;
				GCC_WARN_UNINITIALIZED_AUTOS = YES_AGGRESSIVE;
				GCC_WARN_UNUSED_FUNCTION = YES;
				GCC_WARN_UNUSED_VARIABLE = YES;
				IPHONEOS_DEPLOYMENT_TARGET = 10.2;
				MTL_ENABLE_DEBUG_INFO = YES;
				ONLY_ACTIVE_ARCH = YES;
				SDKROOT = iphoneos;
				SWIFT_ACTIVE_COMPILATION_CONDITIONS = DEBUG;
				SWIFT_OPTIMIZATION_LEVEL = "-Onone";
				TARGETED_DEVICE_FAMILY = "1,2";
			};
			name = Debug;
		};
		539B9DB21E30198500137C71 /* Release */ = {
			isa = XCBuildConfiguration;
			buildSettings = {
				ALWAYS_SEARCH_USER_PATHS = NO;
				CLANG_ANALYZER_NONNULL = YES;
				CLANG_CXX_LANGUAGE_STANDARD = "gnu++0x";
				CLANG_CXX_LIBRARY = "libc++";
				CLANG_ENABLE_MODULES = YES;
				CLANG_ENABLE_OBJC_ARC = YES;
				CLANG_WARN_BOOL_CONVERSION = YES;
				CLANG_WARN_CONSTANT_CONVERSION = YES;
				CLANG_WARN_DIRECT_OBJC_ISA_USAGE = YES_ERROR;
				CLANG_WARN_DOCUMENTATION_COMMENTS = YES;
				CLANG_WARN_EMPTY_BODY = YES;
				CLANG_WARN_ENUM_CONVERSION = YES;
				CLANG_WARN_INFINITE_RECURSION = YES;
				CLANG_WARN_INT_CONVERSION = YES;
				CLANG_WARN_OBJC_ROOT_CLASS = YES_ERROR;
				CLANG_WARN_SUSPICIOUS_MOVE = YES;
				CLANG_WARN_UNREACHABLE_CODE = YES;
				CLANG_WARN__DUPLICATE_METHOD_MATCH = YES;
				"CODE_SIGN_IDENTITY[sdk=iphoneos*]" = "iPhone Developer";
				COPY_PHASE_STRIP = NO;
				DEBUG_INFORMATION_FORMAT = "dwarf-with-dsym";
				ENABLE_NS_ASSERTIONS = NO;
				ENABLE_STRICT_OBJC_MSGSEND = YES;
				GCC_C_LANGUAGE_STANDARD = gnu99;
				GCC_NO_COMMON_BLOCKS = YES;
				GCC_WARN_64_TO_32_BIT_CONVERSION = YES;
				GCC_WARN_ABOUT_RETURN_TYPE = YES_ERROR;
				GCC_WARN_UNDECLARED_SELECTOR = YES;
				GCC_WARN_UNINITIALIZED_AUTOS = YES_AGGRESSIVE;
				GCC_WARN_UNUSED_FUNCTION = YES;
				GCC_WARN_UNUSED_VARIABLE = YES;
				IPHONEOS_DEPLOYMENT_TARGET = 10.2;
				MTL_ENABLE_DEBUG_INFO = NO;
				SDKROOT = iphoneos;
				SWIFT_OPTIMIZATION_LEVEL = "-Owholemodule";
				TARGETED_DEVICE_FAMILY = "1,2";
				VALIDATE_PRODUCT = YES;
			};
			name = Release;
		};
		539B9DB41E30198500137C71 /* Debug */ = {
			isa = XCBuildConfiguration;
			baseConfigurationReference = E1374932F5F6FCD72C8B79B4 /* Pods-Facebook Style Photos.debug.xcconfig */;
			buildSettings = {
				ASSETCATALOG_COMPILER_APPICON_NAME = AppIcon;
				DEVELOPMENT_TEAM = M3B268HJ8B;
				INFOPLIST_FILE = "Facebook Style Photos/Info.plist";
				LD_RUNPATH_SEARCH_PATHS = "$(inherited) @executable_path/Frameworks";
				PRODUCT_BUNDLE_IDENTIFIER = "com.navneet.Facebook-Style-Photos";
				PRODUCT_NAME = "$(TARGET_NAME)";
				SWIFT_VERSION = 3.0;
			};
			name = Debug;
		};
		539B9DB51E30198500137C71 /* Release */ = {
			isa = XCBuildConfiguration;
			baseConfigurationReference = EAE14160CEFBD96465C99C99 /* Pods-Facebook Style Photos.release.xcconfig */;
			buildSettings = {
				ASSETCATALOG_COMPILER_APPICON_NAME = AppIcon;
				DEVELOPMENT_TEAM = M3B268HJ8B;
				INFOPLIST_FILE = "Facebook Style Photos/Info.plist";
				LD_RUNPATH_SEARCH_PATHS = "$(inherited) @executable_path/Frameworks";
				PRODUCT_BUNDLE_IDENTIFIER = "com.navneet.Facebook-Style-Photos";
				PRODUCT_NAME = "$(TARGET_NAME)";
				SWIFT_VERSION = 3.0;
			};
			name = Release;
		};
/* End XCBuildConfiguration section */

/* Begin XCConfigurationList section */
		539B9D9C1E30198500137C71 /* Build configuration list for PBXProject "Facebook Style Photos" */ = {
			isa = XCConfigurationList;
			buildConfigurations = (
				539B9DB11E30198500137C71 /* Debug */,
				539B9DB21E30198500137C71 /* Release */,
			);
			defaultConfigurationIsVisible = 0;
			defaultConfigurationName = Release;
		};
		539B9DB31E30198500137C71 /* Build configuration list for PBXNativeTarget "Facebook Style Photos" */ = {
			isa = XCConfigurationList;
			buildConfigurations = (
				539B9DB41E30198500137C71 /* Debug */,
				539B9DB51E30198500137C71 /* Release */,
			);
			defaultConfigurationIsVisible = 0;
			defaultConfigurationName = Release;
		};
/* End XCConfigurationList section */
	};
	rootObject = 539B9D991E30198500137C71 /* Project object */;
}
